// !$*UTF8*$!
{
	archiveVersion = 1;
	classes = {
	};
	objectVersion = 46;
	objects = {

/* Begin PBXBuildFile section */
		BCF164BE1C80226B00B3756A /* main.m in Sources */ = {isa = PBXBuildFile; fileRef = BCF164BD1C80226B00B3756A /* main.m */; };
		BCF164C11C80226B00B3756A /* AppDelegate.m in Sources */ = {isa = PBXBuildFile; fileRef = BCF164C01C80226B00B3756A /* AppDelegate.m */; };
		BCF164C41C80226B00B3756A /* ViewController.m in Sources */ = {isa = PBXBuildFile; fileRef = BCF164C31C80226B00B3756A /* ViewController.m */; };
		BCF164C71C80226B00B3756A /* Main.storyboard in Resources */ = {isa = PBXBuildFile; fileRef = BCF164C51C80226B00B3756A /* Main.storyboard */; };
		BCF164C91C80226B00B3756A /* Assets.xcassets in Resources */ = {isa = PBXBuildFile; fileRef = BCF164C81C80226B00B3756A /* Assets.xcassets */; };
		BCF164CC1C80226C00B3756A /* LaunchScreen.storyboard in Resources */ = {isa = PBXBuildFile; fileRef = BCF164CA1C80226C00B3756A /* LaunchScreen.storyboard */; };
		BCF164D61C8025B500B3756A /* Person.m in Sources */ = {isa = PBXBuildFile; fileRef = BCF164D51C8025B500B3756A /* Person.m */; settings = {ASSET_TAGS = (); }; };
/* End PBXBuildFile section */

/* Begin PBXFileReference section */
		BCF164B91C80226B00B3756A /* GitDemo.app */ = {isa = PBXFileReference; explicitFileType = wrapper.application; includeInIndex = 0; path = GitDemo.app; sourceTree = BUILT_PRODUCTS_DIR; };
		BCF164BD1C80226B00B3756A /* main.m */ = {isa = PBXFileReference; lastKnownFileType = sourcecode.c.objc; path = main.m; sourceTree = "<group>"; };
		BCF164BF1C80226B00B3756A /* AppDelegate.h */ = {isa = PBXFileReference; lastKnownFileType = sourcecode.c.h; path = AppDelegate.h; sourceTree = "<group>"; };
		BCF164C01C80226B00B3756A /* AppDelegate.m */ = {isa = PBXFileReference; lastKnownFileType = sourcecode.c.objc; path = AppDelegate.m; sourceTree = "<group>"; };
		BCF164C21C80226B00B3756A /* ViewController.h */ = {isa = PBXFileReference; lastKnownFileType = sourcecode.c.h; path = ViewController.h; sourceTree = "<group>"; };
		BCF164C31C80226B00B3756A /* ViewController.m */ = {isa = PBXFileReference; lastKnownFileType = sourcecode.c.objc; path = ViewController.m; sourceTree = "<group>"; };
		BCF164C61C80226B00B3756A /* Base */ = {isa = PBXFileReference; lastKnownFileType = file.storyboard; name = Base; path = Base.lproj/Main.storyboard; sourceTree = "<group>"; };
		BCF164C81C80226B00B3756A /* Assets.xcassets */ = {isa = PBXFileReference; lastKnownFileType = folder.assetcatalog; path = Assets.xcassets; sourceTree = "<group>"; };
		BCF164CB1C80226C00B3756A /* Base */ = {isa = PBXFileReference; lastKnownFileType = file.storyboard; name = Base; path = Base.lproj/LaunchScreen.storyboard; sourceTree = "<group>"; };
		BCF164CD1C80226C00B3756A /* Info.plist */ = {isa = PBXFileReference; lastKnownFileType = text.plist.xml; path = Info.plist; sourceTree = "<group>"; };
		BCF164D41C8025B500B3756A /* Person.h */ = {isa = PBXFileReference; fileEncoding = 4; lastKnownFileType = sourcecode.c.h; path = Person.h; sourceTree = "<group>"; };
		BCF164D51C8025B500B3756A /* Person.m */ = {isa = PBXFileReference; fileEncoding = 4; lastKnownFileType = sourcecode.c.objc; path = Person.m; sourceTree = "<group>"; };
/* End PBXFileReference section */

/* Begin PBXFrameworksBuildPhase section */
		BCF164B61C80226B00B3756A /* Frameworks */ = {
			isa = PBXFrameworksBuildPhase;
			buildActionMask = 2147483647;
			files = (
			);
			runOnlyForDeploymentPostprocessing = 0;
		};
/* End PBXFrameworksBuildPhase section */

/* Begin PBXGroup section */
		BCF164B01C80226B00B3756A = {
			isa = PBXGroup;
			children = (
				BCF164BB1C80226B00B3756A /* GitDemo */,
				BCF164BA1C80226B00B3756A /* Products */,
			);
			sourceTree = "<group>";
		};
		BCF164BA1C80226B00B3756A /* Products */ = {
			isa = PBXGroup;
			children = (
				BCF164B91C80226B00B3756A /* GitDemo.app */,
			);
			name = Products;
			sourceTree = "<group>";
		};
		BCF164BB1C80226B00B3756A /* GitDemo */ = {
			isa = PBXGroup;
			children = (
				BCF164D31C8025A200B3756A /* A */,
				BCF164BF1C80226B00B3756A /* AppDelegate.h */,
				BCF164C01C80226B00B3756A /* AppDelegate.m */,
				BCF164C21C80226B00B3756A /* ViewController.h */,
				BCF164C31C80226B00B3756A /* ViewController.m */,
				BCF164C51C80226B00B3756A /* Main.storyboard */,
				BCF164C81C80226B00B3756A /* Assets.xcassets */,
				BCF164CA1C80226C00B3756A /* LaunchScreen.storyboard */,
				BCF164CD1C80226C00B3756A /* Info.plist */,
				BCF164BC1C80226B00B3756A /* Supporting Files */,
			);
			path = GitDemo;
			sourceTree = "<group>";
		};
		BCF164BC1C80226B00B3756A /* Supporting Files */ = {
			isa = PBXGroup;
			children = (
				BCF164BD1C80226B00B3756A /* main.m */,
			);
			name = "Supporting Files";
			sourceTree = "<group>";
		};
		BCF164D31C8025A200B3756A /* A */ = {
			isa = PBXGroup;
			children = (
				BCF164D41C8025B500B3756A /* Person.h */,
				BCF164D51C8025B500B3756A /* Person.m */,
			);
			name = A;
			sourceTree = "<group>";
		};
/* End PBXGroup section */

/* Begin PBXNativeTarget section */
		BCF164B81C80226B00B3756A /* GitDemo */ = {
			isa = PBXNativeTarget;
			buildConfigurationList = BCF164D01C80226C00B3756A /* Build configuration list for PBXNativeTarget "GitDemo" */;
			buildPhases = (
				BCF164B51C80226B00B3756A /* Sources */,
				BCF164B61C80226B00B3756A /* Frameworks */,
				BCF164B71C80226B00B3756A /* Resources */,
			);
			buildRules = (
			);
			dependencies = (
			);
			name = GitDemo;
			productName = GitDemo;
			productReference = BCF164B91C80226B00B3756A /* GitDemo.app */;
			productType = "com.apple.product-type.application";
		};
/* End PBXNativeTarget section */

/* Begin PBXProject section */
		BCF164B11C80226B00B3756A /* Project object */ = {
			isa = PBXProject;
			attributes = {
				LastUpgradeCheck = 0700;
				ORGANIZATIONNAME = "李乐";
				TargetAttributes = {
					BCF164B81C80226B00B3756A = {
						CreatedOnToolsVersion = 7.0;
					};
				};
			};
			buildConfigurationList = BCF164B41C80226B00B3756A /* Build configuration list for PBXProject "GitDemo" */;
			compatibilityVersion = "Xcode 3.2";
			developmentRegion = English;
			hasScannedForEncodings = 0;
			knownRegions = (
				en,
				Base,
			);
			mainGroup = BCF164B01C80226B00B3756A;
			productRefGroup = BCF164BA1C80226B00B3756A /* Products */;
			projectDirPath = "";
			projectRoot = "";
			targets = (
				BCF164B81C80226B00B3756A /* GitDemo */,
			);
		};
/* End PBXProject section */

/* Begin PBXResourcesBuildPhase section */
		BCF164B71C80226B00B3756A /* Resources */ = {
			isa = PBXResourcesBuildPhase;
			buildActionMask = 2147483647;
			files = (
				BCF164CC1C80226C00B3756A /* LaunchScreen.storyboard in Resources */,
				BCF164C91C80226B00B3756A /* Assets.xcassets in Resources */,
				BCF164C71C80226B00B3756A /* Main.storyboard in Resources */,
			);
			runOnlyForDeploymentPostprocessing = 0;
		};
/* End PBXResourcesBuildPhase section */

/* Begin PBXSourcesBuildPhase section */
		BCF164B51C80226B00B3756A /* Sources */ = {
			isa = PBXSourcesBuildPhase;
			buildActionMask = 2147483647;
			files = (
				BCF164C41C80226B00B3756A /* ViewController.m in Sources */,
				BCF164C11C80226B00B3756A /* AppDelegate.m in Sources */,
				BCF164D61C8025B500B3756A /* Person.m in Sources */,
				BCF164BE1C80226B00B3756A /* main.m in Sources */,
			);
			runOnlyForDeploymentPostprocessing = 0;
		};
/* End PBXSourcesBuildPhase section */

/* Begin PBXVariantGroup section */
		BCF164C51C80226B00B3756A /* Main.storyboard */ = {
			isa = PBXVariantGroup;
			children = (
				BCF164C61C80226B00B3756A /* Base */,
			);
			name = Main.storyboard;
			sourceTree = "<group>";
		};
		BCF164CA1C80226C00B3756A /* LaunchScreen.storyboard */ = {
			isa = PBXVariantGroup;
			children = (
				BCF164CB1C80226C00B3756A /* Base */,
			);
			name = LaunchScreen.storyboard;
			sourceTree = "<group>";
		};
/* End PBXVariantGroup section */

/* Begin XCBuildConfiguration section */
		BCF164CE1C80226C00B3756A /* Debug */ = {
			isa = XCBuildConfiguration;
			buildSettings = {
				ALWAYS_SEARCH_USER_PATHS = NO;
				CLANG_CXX_LANGUAGE_STANDARD = "gnu++0x";
				CLANG_CXX_LIBRARY = "libc++";
				CLANG_ENABLE_MODULES = YES;
				CLANG_ENABLE_OBJC_ARC = YES;
				CLANG_WARN_BOOL_CONVERSION = YES;
				CLANG_WARN_CONSTANT_CONVERSION = YES;
				CLANG_WARN_DIRECT_OBJC_ISA_USAGE = YES_ERROR;
				CLANG_WARN_EMPTY_BODY = YES;
				CLANG_WARN_ENUM_CONVERSION = YES;
				CLANG_WARN_INT_CONVERSION = YES;
				CLANG_WARN_OBJC_ROOT_CLASS = YES_ERROR;
				CLANG_WARN_UNREACHABLE_CODE = YES;
				CLANG_WARN__DUPLICATE_METHOD_MATCH = YES;
				"CODE_SIGN_IDENTITY[sdk=iphoneos*]" = "iPhone Developer";
				COPY_PHASE_STRIP = NO;
				DEBUG_INFORMATION_FORMAT = dwarf;
				ENABLE_STRICT_OBJC_MSGSEND = YES;
				ENABLE_TESTABILITY = YES;
				GCC_C_LANGUAGE_STANDARD = gnu99;
				GCC_DYNAMIC_NO_PIC = NO;
				GCC_NO_COMMON_BLOCKS = YES;
				GCC_OPTIMIZATION_LEVEL = 0;
				GCC_PREPROCESSOR_DEFINITIONS = (
					"DEBUG=1",
					"$(inherited)",
				);
				GCC_WARN_64_TO_32_BIT_CONVERSION = YES;
				GCC_WARN_ABOUT_RETURN_TYPE = YES_ERROR;
				GCC_WARN_UNDECLARED_SELECTOR = YES;
				GCC_WARN_UNINITIALIZED_AUTOS = YES_AGGRESSIVE;
				GCC_WARN_UNUSED_FUNCTION = YES;
				GCC_WARN_UNUSED_VARIABLE = YES;
				IPHONEOS_DEPLOYMENT_TARGET = 9.0;
				MTL_ENABLE_DEBUG_INFO = YES;
				ONLY_ACTIVE_ARCH = YES;
				SDKROOT = iphoneos;
				TARGETED_DEVICE_FAMILY = "1,2";
			};
			name = Debug;
		};
		BCF164CF1C80226C00B3756A /* Release */ = {
			isa = XCBuildConfiguration;
			buildSettings = {
				ALWAYS_SEARCH_USER_PATHS = NO;
				CLANG_CXX_LANGUAGE_STANDARD = "gnu++0x";
				CLANG_CXX_LIBRARY = "libc++";
				CLANG_ENABLE_MODULES = YES;
				CLANG_ENABLE_OBJC_ARC = YES;
				CLANG_WARN_BOOL_CONVERSION = YES;
				CLANG_WARN_CONSTANT_CONVERSION = YES;
				CLANG_WARN_DIRECT_OBJC_ISA_USAGE = YES_ERROR;
				CLANG_WARN_EMPTY_BODY = YES;
				CLANG_WARN_ENUM_CONVERSION = YES;
				CLANG_WARN_INT_CONVERSION = YES;
				CLANG_WARN_OBJC_ROOT_CLASS = YES_ERROR;
				CLANG_WARN_UNREACHABLE_CODE = YES;
				CLANG_WARN__DUPLICATE_METHOD_MATCH = YES;
				"CODE_SIGN_IDENTITY[sdk=iphoneos*]" = "iPhone Developer";
				COPY_PHASE_STRIP = NO;
				DEBUG_INFORMATION_FORMAT = "dwarf-with-dsym";
				ENABLE_NS_ASSERTIONS = NO;
				ENABLE_STRICT_OBJC_MSGSEND = YES;
				GCC_C_LANGUAGE_STANDARD = gnu99;
				GCC_NO_COMMON_BLOCKS = YES;
				GCC_WARN_64_TO_32_BIT_CONVERSION = YES;
				GCC_WARN_ABOUT_RETURN_TYPE = YES_ERROR;
				GCC_WARN_UNDECLARED_SELECTOR = YES;
				GCC_WARN_UNINITIALIZED_AUTOS = YES_AGGRESSIVE;
				GCC_WARN_UNUSED_FUNCTION = YES;
				GCC_WARN_UNUSED_VARIABLE = YES;
				IPHONEOS_DEPLOYMENT_TARGET = 9.0;
				MTL_ENABLE_DEBUG_INFO = NO;
				SDKROOT = iphoneos;
				TARGETED_DEVICE_FAMILY = "1,2";
				VALIDATE_PRODUCT = YES;
			};
			name = Release;
		};
		BCF164D11C80226C00B3756A /* Debug */ = {
			isa = XCBuildConfiguration;
			buildSettings = {
				ASSETCATALOG_COMPILER_APPICON_NAME = AppIcon;
				INFOPLIST_FILE = GitDemo/Info.plist;
				LD_RUNPATH_SEARCH_PATHS = "$(inherited) @executable_path/Frameworks";
				PRODUCT_BUNDLE_IDENTIFIER = com.1519.GitDemo;
				PRODUCT_NAME = "$(TARGET_NAME)";
			};
			name = Debug;
		};
		BCF164D21C80226C00B3756A /* Release */ = {
			isa = XCBuildConfiguration;
			buildSettings = {
				ASSETCATALOG_COMPILER_APPICON_NAME = AppIcon;
				INFOPLIST_FILE = GitDemo/Info.plist;
				LD_RUNPATH_SEARCH_PATHS = "$(inherited) @executable_path/Frameworks";
				PRODUCT_BUNDLE_IDENTIFIER = com.1519.GitDemo;
				PRODUCT_NAME = "$(TARGET_NAME)";
			};
			name = Release;
		};
/* End XCBuildConfiguration section */

/* Begin XCConfigurationList section */
		BCF164B41C80226B00B3756A /* Build configuration list for PBXProject "GitDemo" */ = {
			isa = XCConfigurationList;
			buildConfigurations = (
				BCF164CE1C80226C00B3756A /* Debug */,
				BCF164CF1C80226C00B3756A /* Release */,
			);
			defaultConfigurationIsVisible = 0;
			defaultConfigurationName = Release;
		};
		BCF164D01C80226C00B3756A /* Build configuration list for PBXNativeTarget "GitDemo" */ = {
			isa = XCConfigurationList;
			buildConfigurations = (
				BCF164D11C80226C00B3756A /* Debug */,
				BCF164D21C80226C00B3756A /* Release */,
			);
			defaultConfigurationIsVisible = 0;
			defaultConfigurationName = Release;
		};
/* End XCConfigurationList section */
	};
	rootObject = BCF164B11C80226B00B3756A /* Project object */;
}
